
Microsoft Visual Studio Solution File, Format Version 12.00
# Visual Studio Version 16
VisualStudioVersion = 16.0.29509.3
MinimumVisualStudioVersion = 10.0.40219.1
Project("{9A19103F-16F7-4668-BE54-9A1E7A4F7556}") = "DiceGame", "DiceGame.csproj", "{CDD6554A-E176-4D30-A6AA-9EACDB167746}"
EndProject
Project("{FAE04EC0-301F-11D3-BF4B-00C04F79EFBC}") = "DiceGameUnitTest", "..\DiceGameUnitTest\DiceGameUnitTest.csproj", "{12DBA442-E6E9-4754-BA43-D617B9671F8C}"
EndProject
Global
	GlobalSection(SolutionConfigurationPlatforms) = preSolution
		Debug|Any CPU = Debug|Any CPU
		Release|Any CPU = Release|Any CPU
	EndGlobalSection
	GlobalSection(ProjectConfigurationPlatforms) = postSolution
		{CDD6554A-E176-4D30-A6AA-9EACDB167746}.Debug|Any CPU.ActiveCfg = Debug|Any CPU
		{CDD6554A-E176-4D30-A6AA-9EACDB167746}.Debug|Any CPU.Build.0 = Debug|Any CPU
		{CDD6554A-E176-4D30-A6AA-9EACDB167746}.Release|Any CPU.ActiveCfg = Release|Any CPU
		{CDD6554A-E176-4D30-A6AA-9EACDB167746}.Release|Any CPU.Build.0 = Release|Any CPU
		{12DBA442-E6E9-4754-BA43-D617B9671F8C}.Debug|Any CPU.ActiveCfg = Debug|Any CPU
		{12DBA442-E6E9-4754-BA43-D617B9671F8C}.Debug|Any CPU.Build.0 = Debug|Any CPU
		{12DBA442-E6E9-4754-BA43-D617B9671F8C}.Release|Any CPU.ActiveCfg = Release|Any CPU
		{12DBA442-E6E9-4754-BA43-D617B9671F8C}.Release|Any CPU.Build.0 = Release|Any CPU
	EndGlobalSection
	GlobalSection(SolutionProperties) = preSolution
		HideSolutionNode = FALSE
	EndGlobalSection
	GlobalSection(ExtensibilityGlobals) = postSolution
		SolutionGuid = {854AB5D6-BFCB-444B-A889-578E4F5C3A21}
	EndGlobalSection
EndGlobal
